
Microsoft Visual Studio Solution File, Format Version 11.00
# Visual Studio 2010
Project("{FAE04EC0-301F-11D3-BF4B-00C04F79EFBC}") = "Assembly-CSharp", "Assembly-CSharp.csproj", "{A3251668-CD5C-8D82-CD67-54FF3CEC24DA}"
EndProject
Project("{FAE04EC0-301F-11D3-BF4B-00C04F79EFBC}") = "VuforiaScripts", "VuforiaScripts.csproj", "{57EBB6EA-3CDE-2F56-DB61-F0068C484F71}"
EndProject
Project("{FAE04EC0-301F-11D3-BF4B-00C04F79EFBC}") = "VuforiaEditorScripts", "VuforiaEditorScripts.csproj", "{C5D35098-7566-D6A8-D41A-5512D5CAAFC2}"
EndProject
Global
	GlobalSection(SolutionConfigurationPlatforms) = preSolution
		Debug|Any CPU = Debug|Any CPU
		Release|Any CPU = Release|Any CPU
	EndGlobalSection
	GlobalSection(ProjectConfigurationPlatforms) = postSolution
		{A3251668-CD5C-8D82-CD67-54FF3CEC24DA}.Debug|Any CPU.ActiveCfg = Debug|Any CPU
		{A3251668-CD5C-8D82-CD67-54FF3CEC24DA}.Debug|Any CPU.Build.0 = Debug|Any CPU
		{A3251668-CD5C-8D82-CD67-54FF3CEC24DA}.Release|Any CPU.ActiveCfg = Release|Any CPU
		{A3251668-CD5C-8D82-CD67-54FF3CEC24DA}.Release|Any CPU.Build.0 = Release|Any CPU
		{57EBB6EA-3CDE-2F56-DB61-F0068C484F71}.Debug|Any CPU.ActiveCfg = Debug|Any CPU
		{57EBB6EA-3CDE-2F56-DB61-F0068C484F71}.Debug|Any CPU.Build.0 = Debug|Any CPU
		{57EBB6EA-3CDE-2F56-DB61-F0068C484F71}.Release|Any CPU.ActiveCfg = Release|Any CPU
		{57EBB6EA-3CDE-2F56-DB61-F0068C484F71}.Release|Any CPU.Build.0 = Release|Any CPU
		{C5D35098-7566-D6A8-D41A-5512D5CAAFC2}.Debug|Any CPU.ActiveCfg = Debug|Any CPU
		{C5D35098-7566-D6A8-D41A-5512D5CAAFC2}.Debug|Any CPU.Build.0 = Debug|Any CPU
		{C5D35098-7566-D6A8-D41A-5512D5CAAFC2}.Release|Any CPU.ActiveCfg = Release|Any CPU
		{C5D35098-7566-D6A8-D41A-5512D5CAAFC2}.Release|Any CPU.Build.0 = Release|Any CPU
	EndGlobalSection
	GlobalSection(SolutionProperties) = preSolution
		HideSolutionNode = FALSE
	EndGlobalSection
	GlobalSection(MonoDevelopProperties) = preSolution
		StartupItem = Assembly-CSharp.csproj
	EndGlobalSection
EndGlobal
